{
  "nodes": {
    "nixpkgs": {
      "locked": {
        "lastModified": 1659963476,
        "narHash": "sha256-ebIszNDx+thdY/Q33CINu6/W+LdMMSh7RNB9kKnCY7U=",
        "owner": "NixOS",
        "repo": "nixpkgs",
        "rev": "5524cbd12738c25824a3ddb11fa2749996abc1aa",
        "type": "github"
      },
      "original": {
        "owner": "NixOS",
        "repo": "nixpkgs",
        "type": "github"
      }
    },
    "root": {
      "inputs": {
        "nixpkgs": "nixpkgs"
      }
    }
  },
  "root": "root",
  "version": 7
}
